<?xml version="1.0" encoding="utf-8"?>
<Project ToolsVersion="4.0" xmlns="http://schemas.microsoft.com/developer/msbuild/2003">
  <ItemGroup>
    <CudaCompile Include="kernel.cu" />
    <CudaCompile Include="Player.cu">
      <Filter>game</Filter>
    </CudaCompile>
    <CudaCompile Include="SDFExtractor.cu">
      <Filter>game</Filter>
    </CudaCompile>
    <CudaCompile Include="Descriptor.cu">
      <Filter>framework\src\graphics\opengl\private</Filter>
    </CudaCompile>
    <CudaCompile Include="VAO.cu">
      <Filter>framework\src\graphics\opengl\private</Filter>
    </CudaCompile>
    <CudaCompile Include="MouseClickCallback.cu">
      <Filter>framework\src\window\windowcallbacks\private</Filter>
    </CudaCompile>
    <CudaCompile Include="MouseMoveCallback.cu">
      <Filter>framework\src\window\windowcallbacks\private</Filter>
    </CudaCompile>
    <CudaCompile Include="SDFDevice.cu">
      <Filter>framework\src\distanceFields\private</Filter>
    </CudaCompile>
    <CudaCompile Include="SDFHost.cu">
      <Filter>framework\src\distanceFields\private</Filter>
    </CudaCompile>
    <CudaCompile Include="SDSphere.cu">
      <Filter>framework\src\distanceFields\primitives\private</Filter>
    </CudaCompile>
    <CudaCompile Include="SDTorus.cu">
      <Filter>framework\src\distanceFields\primitives\private</Filter>
    </CudaCompile>
    <CudaCompile Include="PlaceSDPrimitive.cu">
      <Filter>framework\src\distanceFields\modifications\private</Filter>
    </CudaCompile>
    <CudaCompile Include="CarveSDPrimitive.cu">
      <Filter>framework\src\distanceFields\modifications\private</Filter>
    </CudaCompile>
    <CudaCompile Include="Galaxy.cu">
      <Filter>framework\src\scene\private</Filter>
    </CudaCompile>
    <CudaCompile Include="IBO.cu">
      <Filter>framework\src\graphics\opengl\private</Filter>
    </CudaCompile>
    <CudaCompile Include="PBO.cu">
      <Filter>framework\src\graphics\opengl\private</Filter>
    </CudaCompile>
    <CudaCompile Include="Texture2D.cu">
      <Filter>framework\src\graphics\opengl\private</Filter>
    </CudaCompile>
    <CudaCompile Include="VBO.cu">
      <Filter>framework\src\graphics\opengl\private</Filter>
    </CudaCompile>
    <CudaCompile Include="SDFRelativeExtractor.cu">
      <Filter>game</Filter>
    </CudaCompile>
    <CudaCompile Include="TestRelativeScreen.cu" />
  </ItemGroup>
  <ItemGroup>
    <Filter Include="framework">
      <UniqueIdentifier>{bbd7146c-2916-401a-b3cd-db309f3e8a6c}</UniqueIdentifier>
    </Filter>
    <Filter Include="framework\src">
      <UniqueIdentifier>{b00c3558-fbd8-468f-880c-9e1be02e04f8}</UniqueIdentifier>
    </Filter>
    <Filter Include="framework\src\math">
      <UniqueIdentifier>{49a9e41f-0f85-4cc2-93bb-1bfc363fb290}</UniqueIdentifier>
    </Filter>
    <Filter Include="framework\src\math\kdtree">
      <UniqueIdentifier>{83681e88-ae5e-4d4f-8671-a706f7832e3e}</UniqueIdentifier>
    </Filter>
    <Filter Include="framework\src\math\kdtree\public">
      <UniqueIdentifier>{1e69526e-fb09-474b-b7f9-f3d459fe1c8d}</UniqueIdentifier>
    </Filter>
    <Filter Include="framework\src\math\kdtree\private">
      <UniqueIdentifier>{3e1723eb-1ffa-4d01-be9a-dfc45becde73}</UniqueIdentifier>
    </Filter>
    <Filter Include="framework\src\window">
      <UniqueIdentifier>{e76f8e3f-24a4-4d99-b9cd-30610413a1da}</UniqueIdentifier>
    </Filter>
    <Filter Include="framework\src\graphics">
      <UniqueIdentifier>{b6eab42d-aba8-4fba-b048-17d376547e55}</UniqueIdentifier>
    </Filter>
    <Filter Include="framework\src\graphics\public">
      <UniqueIdentifier>{54d0bbee-0189-4591-970a-c203e8ced29f}</UniqueIdentifier>
    </Filter>
    <Filter Include="framework\src\graphics\private">
      <UniqueIdentifier>{2fbf20fa-87ce-49db-9824-7aa2c6be7875}</UniqueIdentifier>
    </Filter>
    <Filter Include="framework\src\graphics\opengl">
      <UniqueIdentifier>{cd2f10d1-d241-4fba-ae55-9086bd2da688}</UniqueIdentifier>
    </Filter>
    <Filter Include="framework\src\window\public">
      <UniqueIdentifier>{d6e457cf-df53-4168-86c4-7ff29816cdbb}</UniqueIdentifier>
    </Filter>
    <Filter Include="framework\src\window\private">
      <UniqueIdentifier>{568977cb-4b11-4e2d-8af0-d38c435addfc}</UniqueIdentifier>
    </Filter>
    <Filter Include="game">
      <UniqueIdentifier>{e6de395f-5c5b-412e-9c56-d6b1a154125a}</UniqueIdentifier>
    </Filter>
    <Filter Include="framework\src\graphics\cuda">
      <UniqueIdentifier>{5afecacd-319e-47c0-b161-7a89dddd169c}</UniqueIdentifier>
    </Filter>
    <Filter Include="framework\src\cuda">
      <UniqueIdentifier>{161221de-26fa-44ba-bea1-057fdb32e4c4}</UniqueIdentifier>
    </Filter>
    <Filter Include="framework\src\graphics\opengl\public">
      <UniqueIdentifier>{fd354de2-f515-4e03-b62b-72602a8b622c}</UniqueIdentifier>
    </Filter>
    <Filter Include="framework\src\graphics\opengl\private">
      <UniqueIdentifier>{15d94688-0a27-415d-b0d1-b204497561a1}</UniqueIdentifier>
    </Filter>
    <Filter Include="framework\res">
      <UniqueIdentifier>{0bd4b4cf-8e1d-472a-971d-116a506e1c41}</UniqueIdentifier>
    </Filter>
    <Filter Include="framework\res\shaders">
      <UniqueIdentifier>{7d7d7b21-bd5d-4bfd-aa89-f8f610526f7b}</UniqueIdentifier>
    </Filter>
    <Filter Include="framework\src\window\keyboardcallbacks">
      <UniqueIdentifier>{2d450a5b-5fc2-48ce-853b-c98735a20d82}</UniqueIdentifier>
    </Filter>
    <Filter Include="framework\src\window\keyboardcallbacks\private">
      <UniqueIdentifier>{fbd1c69d-d41e-4ace-9b02-fbe3cadd4a6c}</UniqueIdentifier>
    </Filter>
    <Filter Include="framework\src\window\keyboardcallbacks\public">
      <UniqueIdentifier>{bee692b7-9d68-4ec9-bd4d-79d425b57f63}</UniqueIdentifier>
    </Filter>
    <Filter Include="framework\src\distanceFields">
      <UniqueIdentifier>{1c5eaaf4-b902-45b5-a2de-3f7a8dda4493}</UniqueIdentifier>
    </Filter>
    <Filter Include="framework\src\distanceFields\public">
      <UniqueIdentifier>{d1303db6-3470-4e30-b65a-449a87ffcd97}</UniqueIdentifier>
    </Filter>
    <Filter Include="framework\src\distanceFields\private">
      <UniqueIdentifier>{b0a51d19-ed13-48c9-9611-e944e4258a63}</UniqueIdentifier>
    </Filter>
    <Filter Include="framework\src\window\windowcallbacks">
      <UniqueIdentifier>{5c6b3c69-c07e-4232-afed-28afcf6333c9}</UniqueIdentifier>
    </Filter>
    <Filter Include="framework\src\window\windowcallbacks\public">
      <UniqueIdentifier>{ea6579ae-cde3-404e-a921-a87407c2e381}</UniqueIdentifier>
    </Filter>
    <Filter Include="framework\src\window\windowcallbacks\private">
      <UniqueIdentifier>{bb993822-1be4-41fd-831a-15f8c588adac}</UniqueIdentifier>
    </Filter>
    <Filter Include="framework\src\distanceFields\modifications">
      <UniqueIdentifier>{f295616e-546a-4a6b-96c9-4f4388854497}</UniqueIdentifier>
    </Filter>
    <Filter Include="framework\src\distanceFields\modifications\public">
      <UniqueIdentifier>{cfbc4317-886c-4150-bb2a-d6d8a6da2ab3}</UniqueIdentifier>
    </Filter>
    <Filter Include="framework\src\distanceFields\primitives">
      <UniqueIdentifier>{aca00140-8d47-44a1-b5ac-acb227daa6bb}</UniqueIdentifier>
    </Filter>
    <Filter Include="framework\src\distanceFields\primitives\public">
      <UniqueIdentifier>{7dd524ae-a698-495f-90e8-0bf2e5cee786}</UniqueIdentifier>
    </Filter>
    <Filter Include="framework\src\distanceFields\primitives\private">
      <UniqueIdentifier>{6063e585-d7bb-41f1-835f-409e184c8cfe}</UniqueIdentifier>
    </Filter>
    <Filter Include="framework\src\distanceFields\modifications\private">
      <UniqueIdentifier>{e235f06c-2ab1-4426-8b74-01c27adbf1fa}</UniqueIdentifier>
    </Filter>
    <Filter Include="framework\src\scene">
      <UniqueIdentifier>{c515c382-0d94-425b-98e4-9adb2f0ce668}</UniqueIdentifier>
    </Filter>
    <Filter Include="framework\src\scene\public">
      <UniqueIdentifier>{c0438d0c-2b60-44f2-91e0-ac9252414c6f}</UniqueIdentifier>
    </Filter>
    <Filter Include="framework\src\scene\private">
      <UniqueIdentifier>{c0f8cee4-9099-4c2e-be33-6b521b8101eb}</UniqueIdentifier>
    </Filter>
  </ItemGroup>
  <ItemGroup>
    <ClInclude Include="GLLibraries.h">
      <Filter>framework</Filter>
    </ClInclude>
    <ClInclude Include="TestScreen.cuh" />
    <ClInclude Include="Screen.cuh">
      <Filter>framework\src\window\public</Filter>
    </ClInclude>
    <ClInclude Include="Game.cuh">
      <Filter>framework\src\window\public</Filter>
    </ClInclude>
    <ClInclude Include="Application.cuh">
      <Filter>framework\src\window\public</Filter>
    </ClInclude>
    <ClInclude Include="KDTree.cuh">
      <Filter>framework\src\math\kdtree\public</Filter>
    </ClInclude>
    <ClInclude Include="KDLeafNodeCollection.cuh">
      <Filter>framework\src\math\kdtree\public</Filter>
    </ClInclude>
    <ClInclude Include="Color.cuh">
      <Filter>framework\src\graphics\public</Filter>
    </ClInclude>
    <ClInclude Include="Camera.cuh">
      <Filter>framework\src\graphics\public</Filter>
    </ClInclude>
    <ClInclude Include="CudaGLBufferMapping.cuh">
      <Filter>framework\src\graphics\cuda</Filter>
    </ClInclude>
    <ClInclude Include="CudaHelper.cuh">
      <Filter>framework\src\cuda</Filter>
    </ClInclude>
    <ClInclude Include="MathUtil.cuh">
      <Filter>framework\src\math</Filter>
    </ClInclude>
    <ClInclude Include="ShaderProgram.cuh">
      <Filter>framework\src\graphics\opengl\public</Filter>
    </ClInclude>
    <ClInclude Include="NumericBoolean.cuh">
      <Filter>framework\src\math</Filter>
    </ClInclude>
    <ClInclude Include="GLMUtil.cuh">
      <Filter>framework\src\math</Filter>
    </ClInclude>
    <ClInclude Include="KeyboardCallback.cuh">
      <Filter>framework\src\window\keyboardcallbacks\public</Filter>
    </ClInclude>
    <ClInclude Include="KeyboardListener.cuh">
      <Filter>framework\src\window\keyboardcallbacks\public</Filter>
    </ClInclude>
    <ClInclude Include="Player.cuh">
      <Filter>game</Filter>
    </ClInclude>
    <ClInclude Include="AABB.cuh">
      <Filter>framework\src\math</Filter>
    </ClInclude>
    <ClInclude Include="SDFExtractor.cuh">
      <Filter>game</Filter>
    </ClInclude>
    <ClInclude Include="RenderPoint.cuh">
      <Filter>game</Filter>
    </ClInclude>
    <ClInclude Include="Descriptor.cuh">
      <Filter>framework\src\graphics\opengl\public</Filter>
    </ClInclude>
    <ClInclude Include="VBO.cuh">
      <Filter>framework\src\graphics\opengl\public</Filter>
    </ClInclude>
    <ClInclude Include="IBO.cuh">
      <Filter>framework\src\graphics\opengl\public</Filter>
    </ClInclude>
    <ClInclude Include="VAO.cuh">
      <Filter>framework\src\graphics\opengl\public</Filter>
    </ClInclude>
    <ClInclude Include="PBO.cuh">
      <Filter>framework\src\graphics\opengl\public</Filter>
    </ClInclude>
    <ClInclude Include="Texture2D.cuh">
      <Filter>framework\src\graphics\opengl\public</Filter>
    </ClInclude>
    <ClInclude Include="MouseClickListener.cuh">
      <Filter>framework\src\window\windowcallbacks\public</Filter>
    </ClInclude>
    <ClInclude Include="MouseClickCallback.cuh">
      <Filter>framework\src\window\windowcallbacks\public</Filter>
    </ClInclude>
    <ClInclude Include="MouseMoveCallback.cuh">
      <Filter>framework\src\window\windowcallbacks\public</Filter>
    </ClInclude>
    <ClInclude Include="MouseMoveListener.cuh">
      <Filter>framework\src\window\windowcallbacks\public</Filter>
    </ClInclude>
    <ClInclude Include="SDModification.cuh">
      <Filter>framework\src\distanceFields\modifications\public</Filter>
    </ClInclude>
    <ClInclude Include="DistancePrimitive.cuh">
      <Filter>framework\src\distanceFields\primitives\public</Filter>
    </ClInclude>
    <ClInclude Include="SDSphere.cuh">
      <Filter>framework\src\distanceFields\primitives\public</Filter>
    </ClInclude>
    <ClInclude Include="SDTorus.cuh">
      <Filter>framework\src\distanceFields\primitives\public</Filter>
    </ClInclude>
    <ClInclude Include="PlaceSDPrimitive.cuh">
      <Filter>framework\src\distanceFields\modifications\public</Filter>
    </ClInclude>
    <ClInclude Include="CarveSDPrimitive.cuh">
      <Filter>framework\src\distanceFields\modifications\public</Filter>
    </ClInclude>
    <ClInclude Include="SDFDevice.cuh">
      <Filter>framework\src\distanceFields\public</Filter>
    </ClInclude>
    <ClInclude Include="SDFHost.cuh">
      <Filter>framework\src\distanceFields\public</Filter>
    </ClInclude>
    <ClInclude Include="Galaxy.cuh">
      <Filter>framework\src\scene\public</Filter>
    </ClInclude>
    <ClInclude Include="BufferedObjectUsage.cuh">
      <Filter>framework\src\graphics\opengl\public</Filter>
    </ClInclude>
    <ClInclude Include="Morton.cuh">
      <Filter>game</Filter>
    </ClInclude>
    <ClInclude Include="CompactRenderPoint.cuh">
      <Filter>game</Filter>
    </ClInclude>
    <ClInclude Include="CompactRenderPointCluster.cuh">
      <Filter>game</Filter>
    </ClInclude>
    <ClInclude Include="SDFRelativeExtractor.cuh">
      <Filter>game</Filter>
    </ClInclude>
    <ClInclude Include="CompactLocation.cuh">
      <Filter>game</Filter>
    </ClInclude>
    <ClInclude Include="TestRelativeScreen.cuh" />
  </ItemGroup>
  <ItemGroup>
    <ClCompile Include="TestScreen.cu" />
    <ClCompile Include="Game.cu">
      <Filter>framework\src\window\private</Filter>
    </ClCompile>
    <ClCompile Include="Application.cu">
      <Filter>framework\src\window\private</Filter>
    </ClCompile>
    <ClCompile Include="KDLeafNodeCollection.cu">
      <Filter>framework\src\math\kdtree\private</Filter>
    </ClCompile>
    <ClCompile Include="Camera.cu">
      <Filter>framework\src\graphics\private</Filter>
    </ClCompile>
    <ClCompile Include="ShaderProgram.cu">
      <Filter>framework\src\graphics\opengl\private</Filter>
    </ClCompile>
    <ClCompile Include="KeyboardCallback.cu">
      <Filter>framework\src\window\keyboardcallbacks\private</Filter>
    </ClCompile>
  </ItemGroup>
  <ItemGroup>
    <None Include="BasicShader.vert">
      <Filter>framework\res\shaders</Filter>
    </None>
    <None Include="BasicShader.frag">
      <Filter>framework\res\shaders</Filter>
    </None>
    <None Include="PointCloudRenderShader.vert">
      <Filter>framework\res\shaders</Filter>
    </None>
    <None Include="PointCloudRenderShader.frag">
      <Filter>framework\res\shaders</Filter>
    </None>
  </ItemGroup>
</Project>